
Microsoft Visual Studio Solution File, Format Version 12.00
# Visual Studio 15
VisualStudioVersion = 15.0.28307.852
MinimumVisualStudioVersion = 10.0.40219.1
Project("{FAE04EC0-301F-11D3-BF4B-00C04F79EFBC}") = "PermMissingElem", "PermMissingElem\PermMissingElem.csproj", "{09208B41-5274-4202-B25E-2077267AC396}"
EndProject
Global
	GlobalSection(SolutionConfigurationPlatforms) = preSolution
		Debug|Any CPU = Debug|Any CPU
		Release|Any CPU = Release|Any CPU
	EndGlobalSection
	GlobalSection(ProjectConfigurationPlatforms) = postSolution
		{09208B41-5274-4202-B25E-2077267AC396}.Debug|Any CPU.ActiveCfg = Debug|Any CPU
		{09208B41-5274-4202-B25E-2077267AC396}.Debug|Any CPU.Build.0 = Debug|Any CPU
		{09208B41-5274-4202-B25E-2077267AC396}.Release|Any CPU.ActiveCfg = Release|Any CPU
		{09208B41-5274-4202-B25E-2077267AC396}.Release|Any CPU.Build.0 = Release|Any CPU
	EndGlobalSection
	GlobalSection(SolutionProperties) = preSolution
		HideSolutionNode = FALSE
	EndGlobalSection
	GlobalSection(ExtensibilityGlobals) = postSolution
		SolutionGuid = {3BEF09DF-F83C-4A1D-9CF3-9901BA16C058}
	EndGlobalSection
EndGlobal
